
Microsoft Visual Studio Solution File, Format Version 12.00
# Visual Studio Version 16
VisualStudioVersion = 25.0.1704.4
MinimumVisualStudioVersion = 10.0.40219.1
Project("{FAE04EC0-301F-11D3-BF4B-00C04F79EFBC}") = "Menu", "Menu.csproj", "{43F2E17A-FFA0-4ABD-AD9A-4E4D9CEDAA98}"
EndProject
Global
	GlobalSection(SolutionConfigurationPlatforms) = preSolution
		Debug|Any CPU = Debug|Any CPU
		Release|Any CPU = Release|Any CPU
	EndGlobalSection
	GlobalSection(ProjectConfigurationPlatforms) = postSolution
		{43F2E17A-FFA0-4ABD-AD9A-4E4D9CEDAA98}.Debug|Any CPU.ActiveCfg = Debug|Any CPU
		{43F2E17A-FFA0-4ABD-AD9A-4E4D9CEDAA98}.Debug|Any CPU.Build.0 = Debug|Any CPU
		{43F2E17A-FFA0-4ABD-AD9A-4E4D9CEDAA98}.Release|Any CPU.ActiveCfg = Release|Any CPU
		{43F2E17A-FFA0-4ABD-AD9A-4E4D9CEDAA98}.Release|Any CPU.Build.0 = Release|Any CPU
	EndGlobalSection
	GlobalSection(SolutionProperties) = preSolution
		HideSolutionNode = FALSE
	EndGlobalSection
	GlobalSection(ExtensibilityGlobals) = postSolution
		SolutionGuid = {77116DDA-3C61-4518-B4D9-6D68A5696716}
	EndGlobalSection
EndGlobal
